hash: 5ee269901a5698568f162161218beff68bc6f5ba76d1affdefc16250f48e0093
updated: 2017-09-13T10:25:57.904293566+02:00
imports:
- name: github.com/docker/docker
  version: 89658bed64c2a8fe05a978e5b87dbec409d57a0f
  subpackages:
  - pkg/term
- name: github.com/kr/pty
  version: 2c10821df3c3cf905230d078702dfbe9404c9b23
- name: github.com/op/go-logging
  version: b2cb9fa56473e98db8caba80237377e83fe44db5
- name: gopkg.in/yaml.v2
  version: eb3733d160e74a9c7e442f435eb3bea458e1d19f
  repo: https://github.com/go-yaml/yaml.git
testImports: []
