# This file is autogenerated, do not edit; changes may be undone by the next 'dep ensure'.


[[projects]]
  name = "github.com/docker/docker"
  packages = ["pkg/term"]
  revision = "89658bed64c2a8fe05a978e5b87dbec409d57a0f"
  version = "v17.05.0-ce"

[[projects]]
  name = "github.com/kr/pty"
  packages = ["."]
  revision = "2c10821df3c3cf905230d078702dfbe9404c9b23"
  version = "v1.0.0"

[[projects]]
  name = "github.com/op/go-logging"
  packages = ["."]
  revision = "b2cb9fa56473e98db8caba80237377e83fe44db5"
  version = "v1"

[[projects]]
  branch = "v2"
  name = "gopkg.in/yaml.v2"
  packages = ["."]
  revision = "eb3733d160e74a9c7e442f435eb3bea458e1d19f"
  source = "https://github.com/go-yaml/yaml.git"

[solve-meta]
  analyzer-name = "dep"
  analyzer-version = 1
  inputs-digest = "a7af8fde35a4b514988fc601adc1435474f609ef113ad8e9472bcb8f50ceba3a"
  solver-name = "gps-cdcl"
  solver-version = 1
